<Solution>
  <Configurations>
    <Platform Name="x64" />
    <Platform Name="x86" />
  </Configurations>
  <Project Path="01_TestingFunctionality/01_TestingFunctionality.vcxproj" Id="2655ac28-321b-4c70-a375-8f2ca7491f00" />
  <Project Path="02_CompilerBasics/02_CompilerBasics.vcxproj" Id="faddb696-4a3f-4886-a053-ff5e3f26ef93" />
  <Project Path="03_LinkerBasics/03_LinkerBasics.vcxproj" Id="da116047-6f46-46a6-a037-cae5c35fb30b" />
  <Project Path="04_Debugging/04_Debugging.vcxproj" Id="9fefea88-95ba-42aa-9d23-1d29775158ac" />
  <Project Path="05_ConfiguringMicrosoftVS/05_ConfiguringMicrosoftVS.vcxproj" Id="ebee1cf3-d387-4909-8596-e1ced063b2d2" />
  <Project Path="06_Pointer/06_Pointer.vcxproj" Id="cb893952-0132-463c-9bbe-c0634b6104ab" />
  <Project Path="07_Referencesw/07_Referencesw.vcxproj" Id="e5d25cd4-80d3-4266-a8c1-af1a53a6ac32" />
  <Project Path="08_Classes/08_Classes.vcxproj" Id="9d10963c-38b1-4eb9-9a8d-b84dbed7921b" />
  <Project Path="09_Static/09_Static.vcxproj" Id="d911b5a8-74c0-4b05-839b-7a15ea36f2a5" />
  <Project Path="10_StaticClasses/10_StaticClasses.vcxproj" Id="85558c8d-d5b7-4073-9178-9d4afde7c09d" />
  <Project Path="12_VirtualFunctions/12_VirtualFunctions.vcxproj" Id="f682d84a-65f9-4628-993b-c4f482b6fb37" />
  <Project Path="13_PureVirtualFunctions/13_PureVirtualFunctions.vcxproj" Id="babed3ea-63a4-4045-a91a-034294f360b9" />
  <Project Path="14_Visibility/14_Visibility.vcxproj" Id="34fd9b51-04c6-43d9-a830-201972a81264" />
  <Project Path="15_Arrays/15_Arrays.vcxproj" Id="3bdbaeb1-5bb8-4b8b-9ec8-465900bcdfe2" />
  <Project Path="16_Strings/16_Strings.vcxproj" Id="5b74792b-7e01-4f37-b516-ee223089dfd0" />
  <Project Path="17_PaddingAndAlignment/17_PaddingAndAlignment.vcxproj" Id="a53454b8-3106-4be6-9427-15518f497d11" />
  <Project Path="18_MutableKeyword/18_MutableKeyword.vcxproj" Id="222fbdb7-e046-4a50-bafa-fdf66c1aec5c" />
  <Project Path="19_MemberInitializerLists/19_MemberInitializerLists.vcxproj" Id="f9e63ea0-18ee-4c9d-9b85-90e36de31685" />
  <Project Path="20_ImplicitAndExplicit/20_ImplicitAndExplicit.vcxproj" Id="15bc81a8-26c4-432f-89b9-7e3ae7eaeb3c" />
  <Project Path="21_OperatorOverloading/21_OperatorOverloading.vcxproj" Id="a7d1722a-3409-470a-8513-1f0762d18bfe" />
  <Project Path="22_SmartPointers/22_SmartPointers.vcxproj" Id="8cf6837d-6e83-4557-b821-b55e22a2ea47" />
  <Project Path="23_CopyingAndCopyConstructors/23_CopyingAndCopyConstructors.vcxproj" Id="4bcd0824-6c96-438f-a346-b75032fa7661" />
  <Project Path="24_DynamicArraysStdVector/24_DynamicArraysStdVector.vcxproj" Id="1f42e782-1f81-4a4c-b392-a435bddd51bf" />
  <Project Path="25_LocalStatic/25_LocalStatic.vcxproj" Id="00ede45e-dccb-4d39-9131-77e073fa57c7" />
  <Project Path="26_StaticLinkingBinaries/26_StaticLinkingBinaries.vcxproj" Id="d2ccf5a3-295c-4ffa-8434-170ef532b9d6" />
  <Project Path="27_MultipleReturnValuesWithTuples/27_MultipleReturnValuesWithTuples.vcxproj" Id="67ab6c46-c3f7-497a-a90c-ad713de38ff9" />
  <Project Path="28_Templates/28_Templates.vcxproj" Id="efe961f0-4fd8-425d-9d77-b668b411e26f" />
  <Project Path="29_StackAndHeap/29_StackAndHeap.vcxproj" Id="b5a3adc4-64bc-47a9-b4fa-a55ec6484053" />
  <Project Path="30_CallStack/30_CallStack.vcxproj" Id="e69cd91c-5cdd-4af4-b4d3-6fef9ead8fb8" />
  <Project Path="31_Macros/31_Macros.vcxproj" Id="5b397097-9aaf-4cd5-a24d-5498223e30e4" />
  <Project Path="32_AutoKeyword/32_AutoKeyword.vcxproj" Id="78d17a9c-ffb9-47cb-aaa9-6011508892c9" />
  <Project Path="33_FunctionPointers/33_FunctionPointers.vcxproj" Id="58c80b4b-3188-49a1-805b-a1b9176a70f2" />
  <Project Path="34_Lambdas/34_Lambdas.vcxproj" Id="48b05ba1-34bf-48ab-aa77-d22c2e36e18e" />
  <Project Path="35_Threads/35_Threads.vcxproj" Id="f3bbae69-94c2-4610-a301-5e502528819c" />
  <Project Path="36_Timing/36_Timing.vcxproj" Id="8305cb83-4dbe-4522-8c87-2670f0577275" />
  <Project Path="37_InputBuffer/37_InputBuffer.vcxproj" Id="34868fc6-2ed2-454f-9653-de563ffe18e1" />
  <Project Path="38_MultidimensionalArrays/38_MultidimensionalArrays.vcxproj" Id="c57264ee-cf33-4dc4-8c6b-0d2d5233cc2e" />
  <Project Path="39_Sorting/39_Sorting.vcxproj" Id="16f06313-b8fc-48e8-bb02-bb539a7d3bd7" />
  <Project Path="40_TypePunning/40_TypePunning.vcxproj" Id="6c5a2674-130a-4df3-9764-d29cccc6fcb7" />
  <Project Path="Enums/Enums.vcxproj" Id="59e1ef2c-4f5d-438e-8e9a-330cadd19004" />
</Solution>
