<Solution>
  <Configurations>
    <Platform Name="x64" />
    <Platform Name="x86" />
  </Configurations>
  <Project Path="01_TestingFunctionality/01_TestingFunctionality.vcxproj" />
  <Project Path="02_CompilerBasics/02_CompilerBasics.vcxproj" />
  <Project Path="03_LinkerBasics/03_LinkerBasics.vcxproj" />
  <Project Path="04_Debugging/04_Debugging.vcxproj" />
  <Project Path="05_ConfiguringMicrosoftVS/05_ConfiguringMicrosoftVS.vcxproj" />
</Solution>
