<Solution>
  <Configurations>
    <Platform Name="x64" />
    <Platform Name="x86" />
  </Configurations>
  <Project Path="01_TestingFunctionality/01_TestingFunctionality.vcxproj" Id="2655ac28-321b-4c70-a375-8f2ca7491f00" />
  <Project Path="02_CompilerBasics/02_CompilerBasics.vcxproj" Id="faddb696-4a3f-4886-a053-ff5e3f26ef93" />
  <Project Path="03_LinkerBasics/03_LinkerBasics.vcxproj" Id="da116047-6f46-46a6-a037-cae5c35fb30b" />
  <Project Path="04_Debugging/04_Debugging.vcxproj" Id="9fefea88-95ba-42aa-9d23-1d29775158ac" />
  <Project Path="05_ConfiguringMicrosoftVS/05_ConfiguringMicrosoftVS.vcxproj" Id="ebee1cf3-d387-4909-8596-e1ced063b2d2" />
  <Project Path="06_Pointer/06_Pointer.vcxproj" Id="cb893952-0132-463c-9bbe-c0634b6104ab" />
  <Project Path="07_Referencesw/07_Referencesw.vcxproj" Id="e5d25cd4-80d3-4266-a8c1-af1a53a6ac32" />
  <Project Path="08_Classes/08_Classes.vcxproj" Id="9d10963c-38b1-4eb9-9a8d-b84dbed7921b" />
  <Project Path="09_Static/09_Static.vcxproj" Id="d911b5a8-74c0-4b05-839b-7a15ea36f2a5" />
  <Project Path="10_StaticClasses/10_StaticClasses.vcxproj" Id="85558c8d-d5b7-4073-9178-9d4afde7c09d" />
  <Project Path="Enums/Enums.vcxproj" Id="59e1ef2c-4f5d-438e-8e9a-330cadd19004" />
</Solution>
